
Microsoft Visual Studio Solution File, Format Version 12.00
# Visual Studio Version 16
VisualStudioVersion = 16.0.31129.286
MinimumVisualStudioVersion = 10.0.40219.1
Project("{FAE04EC0-301F-11D3-BF4B-00C04F79EFBC}") = "Instrumentos_API", "Instrumentos_API\Instrumentos_API.csproj", "{1D81A5CF-16C9-4594-A818-B665FE6224DB}"
EndProject
Global
	GlobalSection(SolutionConfigurationPlatforms) = preSolution
		Debug|Any CPU = Debug|Any CPU
		Release|Any CPU = Release|Any CPU
	EndGlobalSection
	GlobalSection(ProjectConfigurationPlatforms) = postSolution
		{1D81A5CF-16C9-4594-A818-B665FE6224DB}.Debug|Any CPU.ActiveCfg = Debug|Any CPU
		{1D81A5CF-16C9-4594-A818-B665FE6224DB}.Debug|Any CPU.Build.0 = Debug|Any CPU
		{1D81A5CF-16C9-4594-A818-B665FE6224DB}.Release|Any CPU.ActiveCfg = Release|Any CPU
		{1D81A5CF-16C9-4594-A818-B665FE6224DB}.Release|Any CPU.Build.0 = Release|Any CPU
	EndGlobalSection
	GlobalSection(SolutionProperties) = preSolution
		HideSolutionNode = FALSE
	EndGlobalSection
	GlobalSection(ExtensibilityGlobals) = postSolution
		SolutionGuid = {EF90BA9A-4120-4A56-8D57-AA8ECF9E2554}
	EndGlobalSection
EndGlobal
